// !$*UTF8*$!
{
	archiveVersion = 1;
	classes = {
	};
	objectVersion = 46;
	objects = {

/* Begin PBXBuildFile section */
		8C13642B786B45DBA9A5B80D /* libPods.a in Frameworks */ = {isa = PBXBuildFile; fileRef = BD743F912F2944E99FE26A4C /* libPods.a */; };
		C70C52C719DB36CD009BABA0 /* Utils.m in Sources */ = {isa = PBXBuildFile; fileRef = C70C52C619DB36CD009BABA0 /* Utils.m */; };
		C70C52CA19DB3E5F009BABA0 /* Config.m in Sources */ = {isa = PBXBuildFile; fileRef = C70C52C919DB3E5F009BABA0 /* Config.m */; };
		C70C52CD19DB5992009BABA0 /* WXMWNavController.m in Sources */ = {isa = PBXBuildFile; fileRef = C70C52CC19DB5992009BABA0 /* WXMWNavController.m */; };
		C70C52D619DC6B1D009BABA0 /* WXMWViewComments.m in Sources */ = {isa = PBXBuildFile; fileRef = C70C52D519DC6B1D009BABA0 /* WXMWViewComments.m */; };
		C70C52D919DC6B65009BABA0 /* WXMWAddComments.m in Sources */ = {isa = PBXBuildFile; fileRef = C70C52D819DC6B65009BABA0 /* WXMWAddComments.m */; };
		C70C52DC19DDAE34009BABA0 /* WXMWAddIssueViewController.m in Sources */ = {isa = PBXBuildFile; fileRef = C70C52DB19DDAE34009BABA0 /* WXMWAddIssueViewController.m */; };
		C70C52DF19DDB8DD009BABA0 /* WXMWIssueEditorAddLabels.m in Sources */ = {isa = PBXBuildFile; fileRef = C70C52DE19DDB8DD009BABA0 /* WXMWIssueEditorAddLabels.m */; };
		C70C52E219DDB8F1009BABA0 /* WXMWIssueEditorAssignUser.m in Sources */ = {isa = PBXBuildFile; fileRef = C70C52E119DDB8F1009BABA0 /* WXMWIssueEditorAssignUser.m */; };
		C737D68119D0DA6D00687EBB /* Foundation.framework in Frameworks */ = {isa = PBXBuildFile; fileRef = C737D68019D0DA6D00687EBB /* Foundation.framework */; };
		C737D68319D0DA6D00687EBB /* CoreGraphics.framework in Frameworks */ = {isa = PBXBuildFile; fileRef = C737D68219D0DA6D00687EBB /* CoreGraphics.framework */; };
		C737D68519D0DA6D00687EBB /* UIKit.framework in Frameworks */ = {isa = PBXBuildFile; fileRef = C737D68419D0DA6D00687EBB /* UIKit.framework */; };
		C737D68B19D0DA6D00687EBB /* InfoPlist.strings in Resources */ = {isa = PBXBuildFile; fileRef = C737D68919D0DA6D00687EBB /* InfoPlist.strings */; };
		C737D68D19D0DA6D00687EBB /* main.m in Sources */ = {isa = PBXBuildFile; fileRef = C737D68C19D0DA6D00687EBB /* main.m */; };
		C737D69119D0DA6D00687EBB /* WXMWAppDelegate.m in Sources */ = {isa = PBXBuildFile; fileRef = C737D69019D0DA6D00687EBB /* WXMWAppDelegate.m */; };
		C737D69419D0DA6D00687EBB /* Main.storyboard in Resources */ = {isa = PBXBuildFile; fileRef = C737D69219D0DA6D00687EBB /* Main.storyboard */; };
		C737D69919D0DA6D00687EBB /* Images.xcassets in Resources */ = {isa = PBXBuildFile; fileRef = C737D69819D0DA6D00687EBB /* Images.xcassets */; };
		C737D6A019D0DA6D00687EBB /* XCTest.framework in Frameworks */ = {isa = PBXBuildFile; fileRef = C737D69F19D0DA6D00687EBB /* XCTest.framework */; };
		C737D6A119D0DA6D00687EBB /* Foundation.framework in Frameworks */ = {isa = PBXBuildFile; fileRef = C737D68019D0DA6D00687EBB /* Foundation.framework */; };
		C737D6A219D0DA6D00687EBB /* UIKit.framework in Frameworks */ = {isa = PBXBuildFile; fileRef = C737D68419D0DA6D00687EBB /* UIKit.framework */; };
		C737D6AA19D0DA6D00687EBB /* InfoPlist.strings in Resources */ = {isa = PBXBuildFile; fileRef = C737D6A819D0DA6D00687EBB /* InfoPlist.strings */; };
		C737D6AC19D0DA6D00687EBB /* ghit_betaTests.m in Sources */ = {isa = PBXBuildFile; fileRef = C737D6AB19D0DA6D00687EBB /* ghit_betaTests.m */; };
		C737D6C519D0F04A00687EBB /* WXMWLoginScreen.m in Sources */ = {isa = PBXBuildFile; fileRef = C737D6C419D0F04A00687EBB /* WXMWLoginScreen.m */; };
		C737D71819D1C53600687EBB /* WXMWTableViewController.m in Sources */ = {isa = PBXBuildFile; fileRef = C737D71719D1C53600687EBB /* WXMWTableViewController.m */; };
		C737D71B19D1C72E00687EBB /* WXMWTableViewCell.m in Sources */ = {isa = PBXBuildFile; fileRef = C737D71A19D1C72E00687EBB /* WXMWTableViewCell.m */; };
		C7642ECB19D4F63100CE0C1F /* WXMWIssueTVC.m in Sources */ = {isa = PBXBuildFile; fileRef = C7642ECA19D4F63100CE0C1F /* WXMWIssueTVC.m */; };
		C7642ED119D4F70100CE0C1F /* WXMWIssueTVCell.m in Sources */ = {isa = PBXBuildFile; fileRef = C7642ED019D4F70100CE0C1F /* WXMWIssueTVCell.m */; };
		C7CBC1B919DE6F39001E3AC4 /* Images-2.xcassets in Resources */ = {isa = PBXBuildFile; fileRef = C7CBC1B819DE6F39001E3AC4 /* Images-2.xcassets */; };
		C7D05A1219DF850600D46EE2 /* bar_bg_dk.png in Resources */ = {isa = PBXBuildFile; fileRef = C7D05A0619DF850600D46EE2 /* bar_bg_dk.png */; };
		C7D05A1319DF850600D46EE2 /* bar_bg_lt.png in Resources */ = {isa = PBXBuildFile; fileRef = C7D05A0719DF850600D46EE2 /* bar_bg_lt.png */; };
		C7D05A1419DF850600D46EE2 /* bar_logo.png in Resources */ = {isa = PBXBuildFile; fileRef = C7D05A0819DF850600D46EE2 /* bar_logo.png */; };
		C7D05A1519DF850600D46EE2 /* Default-568h@2x.png in Resources */ = {isa = PBXBuildFile; fileRef = C7D05A0919DF850600D46EE2 /* Default-568h@2x.png */; };
		C7D05A1619DF850600D46EE2 /* Default@2x.png in Resources */ = {isa = PBXBuildFile; fileRef = C7D05A0A19DF850600D46EE2 /* Default@2x.png */; };
		C7D05A1719DF850600D46EE2 /* icon_58x50.png in Resources */ = {isa = PBXBuildFile; fileRef = C7D05A0B19DF850600D46EE2 /* icon_58x50.png */; };
		C7D05A1819DF850600D46EE2 /* icon_80_80.png in Resources */ = {isa = PBXBuildFile; fileRef = C7D05A0C19DF850600D46EE2 /* icon_80_80.png */; };
		C7D05A1919DF850600D46EE2 /* icon_120x120.png in Resources */ = {isa = PBXBuildFile; fileRef = C7D05A0D19DF850600D46EE2 /* icon_120x120.png */; };
		C7D05A1B19DF850600D46EE2 /* repo_private.png in Resources */ = {isa = PBXBuildFile; fileRef = C7D05A0F19DF850600D46EE2 /* repo_private.png */; };
		C7D05A1C19DF850600D46EE2 /* repo_public.png in Resources */ = {isa = PBXBuildFile; fileRef = C7D05A1019DF850600D46EE2 /* repo_public.png */; };
		C7D05A1D19DF850600D46EE2 /* settings.png in Resources */ = {isa = PBXBuildFile; fileRef = C7D05A1119DF850600D46EE2 /* settings.png */; };
		C7D05A2A19E0B22700D46EE2 /* logo.png in Resources */ = {isa = PBXBuildFile; fileRef = C7D05A2919E0B22700D46EE2 /* logo.png */; };
		C7E6B62419DF59440056356E /* libMMMarkdown-iOS.a in Frameworks */ = {isa = PBXBuildFile; fileRef = C7E6B61F19DF59220056356E /* libMMMarkdown-iOS.a */; };
		C7F78BDF19D6460A00BACEBE /* WXMWIssueDetailView.m in Sources */ = {isa = PBXBuildFile; fileRef = C7F78BDE19D6460A00BACEBE /* WXMWIssueDetailView.m */; };
/* End PBXBuildFile section */

/* Begin PBXContainerItemProxy section */
		C737D6A319D0DA6D00687EBB /* PBXContainerItemProxy */ = {
			isa = PBXContainerItemProxy;
			containerPortal = C737D67519D0DA6D00687EBB /* Project object */;
			proxyType = 1;
			remoteGlobalIDString = C737D67C19D0DA6D00687EBB;
			remoteInfo = "ghit-beta";
		};
		C7E6B61C19DF59220056356E /* PBXContainerItemProxy */ = {
			isa = PBXContainerItemProxy;
			containerPortal = C7E6B61519DF59220056356E /* MMMarkdown.xcodeproj */;
			proxyType = 2;
			remoteGlobalIDString = BE813DD614F893EB00EC9469;
			remoteInfo = "MMMarkdown-Mac";
		};
		C7E6B61E19DF59220056356E /* PBXContainerItemProxy */ = {
			isa = PBXContainerItemProxy;
			containerPortal = C7E6B61519DF59220056356E /* MMMarkdown.xcodeproj */;
			proxyType = 2;
			remoteGlobalIDString = BE813E0E14F8961D00EC9469;
			remoteInfo = "MMMarkdown-iOS";
		};
		C7E6B62019DF59220056356E /* PBXContainerItemProxy */ = {
			isa = PBXContainerItemProxy;
			containerPortal = C7E6B61519DF59220056356E /* MMMarkdown.xcodeproj */;
			proxyType = 2;
			remoteGlobalIDString = BE813DEA14F893EB00EC9469;
			remoteInfo = MMMarkdownTests;
		};
		C7E6B62219DF59220056356E /* PBXContainerItemProxy */ = {
			isa = PBXContainerItemProxy;
			containerPortal = C7E6B61519DF59220056356E /* MMMarkdown.xcodeproj */;
			proxyType = 2;
			remoteGlobalIDString = BE813E1314F92B6100EC9469;
			remoteInfo = mmmarkdown;
		};
/* End PBXContainerItemProxy section */

/* Begin PBXFileReference section */
		BD743F912F2944E99FE26A4C /* libPods.a */ = {isa = PBXFileReference; explicitFileType = archive.ar; includeInIndex = 0; path = libPods.a; sourceTree = BUILT_PRODUCTS_DIR; };
		C70C52C519DB36CD009BABA0 /* Utils.h */ = {isa = PBXFileReference; fileEncoding = 4; lastKnownFileType = sourcecode.c.h; path = Utils.h; sourceTree = "<group>"; };
		C70C52C619DB36CD009BABA0 /* Utils.m */ = {isa = PBXFileReference; fileEncoding = 4; lastKnownFileType = sourcecode.c.objc; path = Utils.m; sourceTree = "<group>"; };
		C70C52C819DB3E5F009BABA0 /* Config.h */ = {isa = PBXFileReference; fileEncoding = 4; lastKnownFileType = sourcecode.c.h; path = Config.h; sourceTree = "<group>"; };
		C70C52C919DB3E5F009BABA0 /* Config.m */ = {isa = PBXFileReference; fileEncoding = 4; lastKnownFileType = sourcecode.c.objc; path = Config.m; sourceTree = "<group>"; };
		C70C52CB19DB5992009BABA0 /* WXMWNavController.h */ = {isa = PBXFileReference; fileEncoding = 4; lastKnownFileType = sourcecode.c.h; path = WXMWNavController.h; sourceTree = "<group>"; };
		C70C52CC19DB5992009BABA0 /* WXMWNavController.m */ = {isa = PBXFileReference; fileEncoding = 4; lastKnownFileType = sourcecode.c.objc; path = WXMWNavController.m; sourceTree = "<group>"; };
		C70C52D419DC6B1D009BABA0 /* WXMWViewComments.h */ = {isa = PBXFileReference; fileEncoding = 4; lastKnownFileType = sourcecode.c.h; path = WXMWViewComments.h; sourceTree = "<group>"; };
		C70C52D519DC6B1D009BABA0 /* WXMWViewComments.m */ = {isa = PBXFileReference; fileEncoding = 4; lastKnownFileType = sourcecode.c.objc; path = WXMWViewComments.m; sourceTree = "<group>"; };
		C70C52D719DC6B65009BABA0 /* WXMWAddComments.h */ = {isa = PBXFileReference; fileEncoding = 4; lastKnownFileType = sourcecode.c.h; path = WXMWAddComments.h; sourceTree = "<group>"; };
		C70C52D819DC6B65009BABA0 /* WXMWAddComments.m */ = {isa = PBXFileReference; fileEncoding = 4; lastKnownFileType = sourcecode.c.objc; path = WXMWAddComments.m; sourceTree = "<group>"; };
		C70C52DA19DDAE34009BABA0 /* WXMWAddIssueViewController.h */ = {isa = PBXFileReference; fileEncoding = 4; lastKnownFileType = sourcecode.c.h; path = WXMWAddIssueViewController.h; sourceTree = "<group>"; };
		C70C52DB19DDAE34009BABA0 /* WXMWAddIssueViewController.m */ = {isa = PBXFileReference; fileEncoding = 4; lastKnownFileType = sourcecode.c.objc; path = WXMWAddIssueViewController.m; sourceTree = "<group>"; };
		C70C52DD19DDB8DD009BABA0 /* WXMWIssueEditorAddLabels.h */ = {isa = PBXFileReference; fileEncoding = 4; lastKnownFileType = sourcecode.c.h; path = WXMWIssueEditorAddLabels.h; sourceTree = "<group>"; };
		C70C52DE19DDB8DD009BABA0 /* WXMWIssueEditorAddLabels.m */ = {isa = PBXFileReference; fileEncoding = 4; lastKnownFileType = sourcecode.c.objc; path = WXMWIssueEditorAddLabels.m; sourceTree = "<group>"; };
		C70C52E019DDB8F1009BABA0 /* WXMWIssueEditorAssignUser.h */ = {isa = PBXFileReference; fileEncoding = 4; lastKnownFileType = sourcecode.c.h; path = WXMWIssueEditorAssignUser.h; sourceTree = "<group>"; };
		C70C52E119DDB8F1009BABA0 /* WXMWIssueEditorAssignUser.m */ = {isa = PBXFileReference; fileEncoding = 4; lastKnownFileType = sourcecode.c.objc; path = WXMWIssueEditorAssignUser.m; sourceTree = "<group>"; };
		C70C52E319DDFF04009BABA0 /* libPods-Mantle.a */ = {isa = PBXFileReference; lastKnownFileType = archive.ar; name = "libPods-Mantle.a"; path = "Pods/build/Debug-iphoneos/libPods-Mantle.a"; sourceTree = "<group>"; };
		C737D67D19D0DA6D00687EBB /* ghit-beta.app */ = {isa = PBXFileReference; explicitFileType = wrapper.application; includeInIndex = 0; path = "ghit-beta.app"; sourceTree = BUILT_PRODUCTS_DIR; };
		C737D68019D0DA6D00687EBB /* Foundation.framework */ = {isa = PBXFileReference; lastKnownFileType = wrapper.framework; name = Foundation.framework; path = System/Library/Frameworks/Foundation.framework; sourceTree = SDKROOT; };
		C737D68219D0DA6D00687EBB /* CoreGraphics.framework */ = {isa = PBXFileReference; lastKnownFileType = wrapper.framework; name = CoreGraphics.framework; path = System/Library/Frameworks/CoreGraphics.framework; sourceTree = SDKROOT; };
		C737D68419D0DA6D00687EBB /* UIKit.framework */ = {isa = PBXFileReference; lastKnownFileType = wrapper.framework; name = UIKit.framework; path = System/Library/Frameworks/UIKit.framework; sourceTree = SDKROOT; };
		C737D68819D0DA6D00687EBB /* ghit-beta-Info.plist */ = {isa = PBXFileReference; lastKnownFileType = text.plist.xml; path = "ghit-beta-Info.plist"; sourceTree = "<group>"; };
		C737D68A19D0DA6D00687EBB /* en */ = {isa = PBXFileReference; lastKnownFileType = text.plist.strings; name = en; path = en.lproj/InfoPlist.strings; sourceTree = "<group>"; };
		C737D68C19D0DA6D00687EBB /* main.m */ = {isa = PBXFileReference; lastKnownFileType = sourcecode.c.objc; path = main.m; sourceTree = "<group>"; };
		C737D68E19D0DA6D00687EBB /* ghit-beta-Prefix.pch */ = {isa = PBXFileReference; lastKnownFileType = sourcecode.c.h; path = "ghit-beta-Prefix.pch"; sourceTree = "<group>"; };
		C737D68F19D0DA6D00687EBB /* WXMWAppDelegate.h */ = {isa = PBXFileReference; lastKnownFileType = sourcecode.c.h; path = WXMWAppDelegate.h; sourceTree = "<group>"; };
		C737D69019D0DA6D00687EBB /* WXMWAppDelegate.m */ = {isa = PBXFileReference; lastKnownFileType = sourcecode.c.objc; path = WXMWAppDelegate.m; sourceTree = "<group>"; };
		C737D69319D0DA6D00687EBB /* Base */ = {isa = PBXFileReference; lastKnownFileType = file.storyboard; name = Base; path = Base.lproj/Main.storyboard; sourceTree = "<group>"; };
		C737D69819D0DA6D00687EBB /* Images.xcassets */ = {isa = PBXFileReference; lastKnownFileType = folder.assetcatalog; path = Images.xcassets; sourceTree = "<group>"; };
		C737D69E19D0DA6D00687EBB /* ghit-betaTests.xctest */ = {isa = PBXFileReference; explicitFileType = wrapper.cfbundle; includeInIndex = 0; path = "ghit-betaTests.xctest"; sourceTree = BUILT_PRODUCTS_DIR; };
		C737D69F19D0DA6D00687EBB /* XCTest.framework */ = {isa = PBXFileReference; lastKnownFileType = wrapper.framework; name = XCTest.framework; path = Library/Frameworks/XCTest.framework; sourceTree = DEVELOPER_DIR; };
		C737D6A719D0DA6D00687EBB /* ghit-betaTests-Info.plist */ = {isa = PBXFileReference; lastKnownFileType = text.plist.xml; path = "ghit-betaTests-Info.plist"; sourceTree = "<group>"; };
		C737D6A919D0DA6D00687EBB /* en */ = {isa = PBXFileReference; lastKnownFileType = text.plist.strings; name = en; path = en.lproj/InfoPlist.strings; sourceTree = "<group>"; };
		C737D6AB19D0DA6D00687EBB /* ghit_betaTests.m */ = {isa = PBXFileReference; lastKnownFileType = sourcecode.c.objc; path = ghit_betaTests.m; sourceTree = "<group>"; };
		C737D6C319D0F04A00687EBB /* WXMWLoginScreen.h */ = {isa = PBXFileReference; fileEncoding = 4; lastKnownFileType = sourcecode.c.h; path = WXMWLoginScreen.h; sourceTree = "<group>"; };
		C737D6C419D0F04A00687EBB /* WXMWLoginScreen.m */ = {isa = PBXFileReference; fileEncoding = 4; lastKnownFileType = sourcecode.c.objc; path = WXMWLoginScreen.m; sourceTree = "<group>"; };
		C737D71619D1C53600687EBB /* WXMWTableViewController.h */ = {isa = PBXFileReference; fileEncoding = 4; lastKnownFileType = sourcecode.c.h; path = WXMWTableViewController.h; sourceTree = "<group>"; };
		C737D71719D1C53600687EBB /* WXMWTableViewController.m */ = {isa = PBXFileReference; fileEncoding = 4; lastKnownFileType = sourcecode.c.objc; path = WXMWTableViewController.m; sourceTree = "<group>"; };
		C737D71919D1C72E00687EBB /* WXMWTableViewCell.h */ = {isa = PBXFileReference; fileEncoding = 4; lastKnownFileType = sourcecode.c.h; path = WXMWTableViewCell.h; sourceTree = "<group>"; };
		C737D71A19D1C72E00687EBB /* WXMWTableViewCell.m */ = {isa = PBXFileReference; fileEncoding = 4; lastKnownFileType = sourcecode.c.objc; path = WXMWTableViewCell.m; sourceTree = "<group>"; };
		C7642EC919D4F63100CE0C1F /* WXMWIssueTVC.h */ = {isa = PBXFileReference; fileEncoding = 4; lastKnownFileType = sourcecode.c.h; path = WXMWIssueTVC.h; sourceTree = "<group>"; };
		C7642ECA19D4F63100CE0C1F /* WXMWIssueTVC.m */ = {isa = PBXFileReference; fileEncoding = 4; lastKnownFileType = sourcecode.c.objc; path = WXMWIssueTVC.m; sourceTree = "<group>"; };
		C7642ECF19D4F70100CE0C1F /* WXMWIssueTVCell.h */ = {isa = PBXFileReference; fileEncoding = 4; lastKnownFileType = sourcecode.c.h; path = WXMWIssueTVCell.h; sourceTree = "<group>"; };
		C7642ED019D4F70100CE0C1F /* WXMWIssueTVCell.m */ = {isa = PBXFileReference; fileEncoding = 4; lastKnownFileType = sourcecode.c.objc; path = WXMWIssueTVCell.m; sourceTree = "<group>"; };
		C7CBC1B319DE6D33001E3AC4 /* icon_120x120.png */ = {isa = PBXFileReference; lastKnownFileType = image.png; path = icon_120x120.png; sourceTree = "<group>"; };
		C7CBC1B419DE6D7E001E3AC4 /* icon_80_80.png */ = {isa = PBXFileReference; lastKnownFileType = image.png; path = icon_80_80.png; sourceTree = "<group>"; };
		C7CBC1B519DE6D8B001E3AC4 /* icon_58x50.png */ = {isa = PBXFileReference; lastKnownFileType = image.png; path = icon_58x50.png; sourceTree = "<group>"; };
		C7CBC1B819DE6F39001E3AC4 /* Images-2.xcassets */ = {isa = PBXFileReference; lastKnownFileType = folder.assetcatalog; path = "Images-2.xcassets"; sourceTree = "<group>"; };
		C7D05A0619DF850600D46EE2 /* bar_bg_dk.png */ = {isa = PBXFileReference; lastKnownFileType = image.png; name = bar_bg_dk.png; path = ../../adamvanlente/Desktop/ghit/app_icons/bar_bg_dk.png; sourceTree = "<group>"; };
		C7D05A0719DF850600D46EE2 /* bar_bg_lt.png */ = {isa = PBXFileReference; lastKnownFileType = image.png; name = bar_bg_lt.png; path = ../../adamvanlente/Desktop/ghit/app_icons/bar_bg_lt.png; sourceTree = "<group>"; };
		C7D05A0819DF850600D46EE2 /* bar_logo.png */ = {isa = PBXFileReference; lastKnownFileType = image.png; name = bar_logo.png; path = ../../adamvanlente/Desktop/ghit/app_icons/bar_logo.png; sourceTree = "<group>"; };
		C7D05A0919DF850600D46EE2 /* Default-568h@2x.png */ = {isa = PBXFileReference; lastKnownFileType = image.png; name = "Default-568h@2x.png"; path = "../../adamvanlente/Desktop/ghit/app_icons/Default-568h@2x.png"; sourceTree = "<group>"; };
		C7D05A0A19DF850600D46EE2 /* Default@2x.png */ = {isa = PBXFileReference; lastKnownFileType = image.png; name = "Default@2x.png"; path = "../../adamvanlente/Desktop/ghit/app_icons/Default@2x.png"; sourceTree = "<group>"; };
		C7D05A0B19DF850600D46EE2 /* icon_58x50.png */ = {isa = PBXFileReference; lastKnownFileType = image.png; name = icon_58x50.png; path = ../../adamvanlente/Desktop/ghit/app_icons/icon_58x50.png; sourceTree = "<group>"; };
		C7D05A0C19DF850600D46EE2 /* icon_80_80.png */ = {isa = PBXFileReference; lastKnownFileType = image.png; name = icon_80_80.png; path = ../../adamvanlente/Desktop/ghit/app_icons/icon_80_80.png; sourceTree = "<group>"; };
		C7D05A0D19DF850600D46EE2 /* icon_120x120.png */ = {isa = PBXFileReference; lastKnownFileType = image.png; name = icon_120x120.png; path = ../../adamvanlente/Desktop/ghit/app_icons/icon_120x120.png; sourceTree = "<group>"; };
		C7D05A0F19DF850600D46EE2 /* repo_private.png */ = {isa = PBXFileReference; lastKnownFileType = image.png; name = repo_private.png; path = ../../adamvanlente/Desktop/ghit/app_icons/repo_private.png; sourceTree = "<group>"; };
		C7D05A1019DF850600D46EE2 /* repo_public.png */ = {isa = PBXFileReference; lastKnownFileType = image.png; name = repo_public.png; path = ../../adamvanlente/Desktop/ghit/app_icons/repo_public.png; sourceTree = "<group>"; };
		C7D05A1119DF850600D46EE2 /* settings.png */ = {isa = PBXFileReference; lastKnownFileType = image.png; name = settings.png; path = ../../adamvanlente/Desktop/ghit/app_icons/settings.png; sourceTree = "<group>"; };
		C7D05A2919E0B22700D46EE2 /* logo.png */ = {isa = PBXFileReference; lastKnownFileType = image.png; name = logo.png; path = ../../adamvanlente/Desktop/ghit/app_icons/logo.png; sourceTree = "<group>"; };
		C7E6B61519DF59220056356E /* MMMarkdown.xcodeproj */ = {isa = PBXFileReference; lastKnownFileType = "wrapper.pb-project"; name = MMMarkdown.xcodeproj; path = MMMarkdown/MMMarkdown.xcodeproj; sourceTree = SOURCE_ROOT; };
		C7F78BDD19D6460A00BACEBE /* WXMWIssueDetailView.h */ = {isa = PBXFileReference; fileEncoding = 4; lastKnownFileType = sourcecode.c.h; path = WXMWIssueDetailView.h; sourceTree = "<group>"; };
		C7F78BDE19D6460A00BACEBE /* WXMWIssueDetailView.m */ = {isa = PBXFileReference; fileEncoding = 4; lastKnownFileType = sourcecode.c.objc; path = WXMWIssueDetailView.m; sourceTree = "<group>"; };
		D52ACDC8D2AA4883BA3DAE1D /* Pods.xcconfig */ = {isa = PBXFileReference; includeInIndex = 1; lastKnownFileType = text.xcconfig; name = Pods.xcconfig; path = Pods/Pods.xcconfig; sourceTree = "<group>"; };
/* End PBXFileReference section */

/* Begin PBXFrameworksBuildPhase section */
		C737D67A19D0DA6D00687EBB /* Frameworks */ = {
			isa = PBXFrameworksBuildPhase;
			buildActionMask = 2147483647;
			files = (
				C7E6B62419DF59440056356E /* libMMMarkdown-iOS.a in Frameworks */,
				C737D68319D0DA6D00687EBB /* CoreGraphics.framework in Frameworks */,
				C737D68519D0DA6D00687EBB /* UIKit.framework in Frameworks */,
				C737D68119D0DA6D00687EBB /* Foundation.framework in Frameworks */,
				8C13642B786B45DBA9A5B80D /* libPods.a in Frameworks */,
			);
			runOnlyForDeploymentPostprocessing = 0;
		};
		C737D69B19D0DA6D00687EBB /* Frameworks */ = {
			isa = PBXFrameworksBuildPhase;
			buildActionMask = 2147483647;
			files = (
				C737D6A019D0DA6D00687EBB /* XCTest.framework in Frameworks */,
				C737D6A219D0DA6D00687EBB /* UIKit.framework in Frameworks */,
				C737D6A119D0DA6D00687EBB /* Foundation.framework in Frameworks */,
			);
			runOnlyForDeploymentPostprocessing = 0;
		};
/* End PBXFrameworksBuildPhase section */

/* Begin PBXGroup section */
		C737D67419D0DA6D00687EBB = {
			isa = PBXGroup;
			children = (
				C7CBC1B519DE6D8B001E3AC4 /* icon_58x50.png */,
				C7CBC1B419DE6D7E001E3AC4 /* icon_80_80.png */,
				C7CBC1B319DE6D33001E3AC4 /* icon_120x120.png */,
				C737D68619D0DA6D00687EBB /* ghit-beta */,
				C737D6A519D0DA6D00687EBB /* ghit-betaTests */,
				C737D67F19D0DA6D00687EBB /* Frameworks */,
				C737D67E19D0DA6D00687EBB /* Products */,
				D52ACDC8D2AA4883BA3DAE1D /* Pods.xcconfig */,
			);
			sourceTree = "<group>";
		};
		C737D67E19D0DA6D00687EBB /* Products */ = {
			isa = PBXGroup;
			children = (
				C737D67D19D0DA6D00687EBB /* ghit-beta.app */,
				C737D69E19D0DA6D00687EBB /* ghit-betaTests.xctest */,
			);
			name = Products;
			sourceTree = "<group>";
		};
		C737D67F19D0DA6D00687EBB /* Frameworks */ = {
			isa = PBXGroup;
			children = (
				C70C52E319DDFF04009BABA0 /* libPods-Mantle.a */,
				C737D68019D0DA6D00687EBB /* Foundation.framework */,
				C737D68219D0DA6D00687EBB /* CoreGraphics.framework */,
				C737D68419D0DA6D00687EBB /* UIKit.framework */,
				C737D69F19D0DA6D00687EBB /* XCTest.framework */,
				BD743F912F2944E99FE26A4C /* libPods.a */,
			);
			name = Frameworks;
			sourceTree = "<group>";
		};
		C737D68619D0DA6D00687EBB /* ghit-beta */ = {
			isa = PBXGroup;
			children = (
				C7E6B61519DF59220056356E /* MMMarkdown.xcodeproj */,
				C70C52C819DB3E5F009BABA0 /* Config.h */,
				C70C52C919DB3E5F009BABA0 /* Config.m */,
				C70C52C519DB36CD009BABA0 /* Utils.h */,
				C70C52C619DB36CD009BABA0 /* Utils.m */,
				C737D6C319D0F04A00687EBB /* WXMWLoginScreen.h */,
				C737D6C419D0F04A00687EBB /* WXMWLoginScreen.m */,
				C737D71919D1C72E00687EBB /* WXMWTableViewCell.h */,
				C737D71A19D1C72E00687EBB /* WXMWTableViewCell.m */,
				C737D71619D1C53600687EBB /* WXMWTableViewController.h */,
				C737D71719D1C53600687EBB /* WXMWTableViewController.m */,
				C7642ECF19D4F70100CE0C1F /* WXMWIssueTVCell.h */,
				C7642ED019D4F70100CE0C1F /* WXMWIssueTVCell.m */,
				C7642EC919D4F63100CE0C1F /* WXMWIssueTVC.h */,
				C7642ECA19D4F63100CE0C1F /* WXMWIssueTVC.m */,
				C7F78BDD19D6460A00BACEBE /* WXMWIssueDetailView.h */,
				C7F78BDE19D6460A00BACEBE /* WXMWIssueDetailView.m */,
				C70C52D419DC6B1D009BABA0 /* WXMWViewComments.h */,
				C70C52D519DC6B1D009BABA0 /* WXMWViewComments.m */,
				C70C52D719DC6B65009BABA0 /* WXMWAddComments.h */,
				C70C52D819DC6B65009BABA0 /* WXMWAddComments.m */,
				C70C52DA19DDAE34009BABA0 /* WXMWAddIssueViewController.h */,
				C70C52DB19DDAE34009BABA0 /* WXMWAddIssueViewController.m */,
				C70C52DD19DDB8DD009BABA0 /* WXMWIssueEditorAddLabels.h */,
				C70C52DE19DDB8DD009BABA0 /* WXMWIssueEditorAddLabels.m */,
				C70C52E019DDB8F1009BABA0 /* WXMWIssueEditorAssignUser.h */,
				C70C52E119DDB8F1009BABA0 /* WXMWIssueEditorAssignUser.m */,
				C737D68F19D0DA6D00687EBB /* WXMWAppDelegate.h */,
				C737D69019D0DA6D00687EBB /* WXMWAppDelegate.m */,
				C70C52CB19DB5992009BABA0 /* WXMWNavController.h */,
				C70C52CC19DB5992009BABA0 /* WXMWNavController.m */,
				C737D69219D0DA6D00687EBB /* Main.storyboard */,
				C737D69819D0DA6D00687EBB /* Images.xcassets */,
				C7CBC1B819DE6F39001E3AC4 /* Images-2.xcassets */,
				C737D68719D0DA6D00687EBB /* Supporting Files */,
			);
			path = "ghit-beta";
			sourceTree = "<group>";
		};
		C737D68719D0DA6D00687EBB /* Supporting Files */ = {
			isa = PBXGroup;
			children = (
				C737D76919D21D7400687EBB /* images */,
				C737D68819D0DA6D00687EBB /* ghit-beta-Info.plist */,
				C737D68919D0DA6D00687EBB /* InfoPlist.strings */,
				C737D68C19D0DA6D00687EBB /* main.m */,
				C737D68E19D0DA6D00687EBB /* ghit-beta-Prefix.pch */,
			);
			name = "Supporting Files";
			sourceTree = "<group>";
		};
		C737D6A519D0DA6D00687EBB /* ghit-betaTests */ = {
			isa = PBXGroup;
			children = (
				C737D6AB19D0DA6D00687EBB /* ghit_betaTests.m */,
				C737D6A619D0DA6D00687EBB /* Supporting Files */,
			);
			path = "ghit-betaTests";
			sourceTree = "<group>";
		};
		C737D6A619D0DA6D00687EBB /* Supporting Files */ = {
			isa = PBXGroup;
			children = (
				C737D6A719D0DA6D00687EBB /* ghit-betaTests-Info.plist */,
				C737D6A819D0DA6D00687EBB /* InfoPlist.strings */,
			);
			name = "Supporting Files";
			sourceTree = "<group>";
		};
		C737D76919D21D7400687EBB /* images */ = {
			isa = PBXGroup;
			children = (
				C7D05A0619DF850600D46EE2 /* bar_bg_dk.png */,
				C7D05A0719DF850600D46EE2 /* bar_bg_lt.png */,
				C7D05A0819DF850600D46EE2 /* bar_logo.png */,
				C7D05A0919DF850600D46EE2 /* Default-568h@2x.png */,
				C7D05A0A19DF850600D46EE2 /* Default@2x.png */,
				C7D05A0B19DF850600D46EE2 /* icon_58x50.png */,
				C7D05A0C19DF850600D46EE2 /* icon_80_80.png */,
				C7D05A0D19DF850600D46EE2 /* icon_120x120.png */,
				C7D05A2919E0B22700D46EE2 /* logo.png */,
				C7D05A0F19DF850600D46EE2 /* repo_private.png */,
				C7D05A1019DF850600D46EE2 /* repo_public.png */,
				C7D05A1119DF850600D46EE2 /* settings.png */,
			);
			name = images;
			path = ../../../../../Desktop/images;
			sourceTree = "<group>";
		};
		C7E6B61619DF59220056356E /* Products */ = {
			isa = PBXGroup;
			children = (
				C7E6B61D19DF59220056356E /* libMMMarkdown-Mac.a */,
				C7E6B61F19DF59220056356E /* libMMMarkdown-iOS.a */,
				C7E6B62119DF59220056356E /* MMMarkdownTests.xctest */,
				C7E6B62319DF59220056356E /* mmmarkdown */,
			);
			name = Products;
			sourceTree = "<group>";
		};
/* End PBXGroup section */

/* Begin PBXNativeTarget section */
		C737D67C19D0DA6D00687EBB /* ghit-beta */ = {
			isa = PBXNativeTarget;
			buildConfigurationList = C737D6AF19D0DA6D00687EBB /* Build configuration list for PBXNativeTarget "ghit-beta" */;
			buildPhases = (
				3C57A5E7196A4312AE5B3C79 /* Check Pods Manifest.lock */,
				C737D67919D0DA6D00687EBB /* Sources */,
				C737D67A19D0DA6D00687EBB /* Frameworks */,
				C737D67B19D0DA6D00687EBB /* Resources */,
				78991A1DC12149EBA97B92C7 /* Copy Pods Resources */,
			);
			buildRules = (
			);
			dependencies = (
			);
			name = "ghit-beta";
			productName = "ghit-beta";
			productReference = C737D67D19D0DA6D00687EBB /* ghit-beta.app */;
			productType = "com.apple.product-type.application";
		};
		C737D69D19D0DA6D00687EBB /* ghit-betaTests */ = {
			isa = PBXNativeTarget;
			buildConfigurationList = C737D6B219D0DA6D00687EBB /* Build configuration list for PBXNativeTarget "ghit-betaTests" */;
			buildPhases = (
				C737D69A19D0DA6D00687EBB /* Sources */,
				C737D69B19D0DA6D00687EBB /* Frameworks */,
				C737D69C19D0DA6D00687EBB /* Resources */,
			);
			buildRules = (
			);
			dependencies = (
				C737D6A419D0DA6D00687EBB /* PBXTargetDependency */,
			);
			name = "ghit-betaTests";
			productName = "ghit-betaTests";
			productReference = C737D69E19D0DA6D00687EBB /* ghit-betaTests.xctest */;
			productType = "com.apple.product-type.bundle.unit-test";
		};
/* End PBXNativeTarget section */

/* Begin PBXProject section */
		C737D67519D0DA6D00687EBB /* Project object */ = {
			isa = PBXProject;
			attributes = {
				CLASSPREFIX = WXMW;
				LastUpgradeCheck = 0510;
				ORGANIZATIONNAME = "West by Midwest";
				TargetAttributes = {
					C737D67C19D0DA6D00687EBB = {
						DevelopmentTeam = QJJHS676RB;
					};
					C737D69D19D0DA6D00687EBB = {
						TestTargetID = C737D67C19D0DA6D00687EBB;
					};
				};
			};
			buildConfigurationList = C737D67819D0DA6D00687EBB /* Build configuration list for PBXProject "ghit" */;
			compatibilityVersion = "Xcode 3.2";
			developmentRegion = English;
			hasScannedForEncodings = 0;
			knownRegions = (
				en,
				Base,
			);
			mainGroup = C737D67419D0DA6D00687EBB;
			productRefGroup = C737D67E19D0DA6D00687EBB /* Products */;
			projectDirPath = "";
			projectReferences = (
				{
					ProductGroup = C7E6B61619DF59220056356E /* Products */;
					ProjectRef = C7E6B61519DF59220056356E /* MMMarkdown.xcodeproj */;
				},
			);
			projectRoot = "";
			targets = (
				C737D67C19D0DA6D00687EBB /* ghit-beta */,
				C737D69D19D0DA6D00687EBB /* ghit-betaTests */,
			);
		};
/* End PBXProject section */

/* Begin PBXReferenceProxy section */
		C7E6B61D19DF59220056356E /* libMMMarkdown-Mac.a */ = {
			isa = PBXReferenceProxy;
			fileType = archive.ar;
			path = "libMMMarkdown-Mac.a";
			remoteRef = C7E6B61C19DF59220056356E /* PBXContainerItemProxy */;
			sourceTree = BUILT_PRODUCTS_DIR;
		};
		C7E6B61F19DF59220056356E /* libMMMarkdown-iOS.a */ = {
			isa = PBXReferenceProxy;
			fileType = archive.ar;
			path = "libMMMarkdown-iOS.a";
			remoteRef = C7E6B61E19DF59220056356E /* PBXContainerItemProxy */;
			sourceTree = BUILT_PRODUCTS_DIR;
		};
		C7E6B62119DF59220056356E /* MMMarkdownTests.xctest */ = {
			isa = PBXReferenceProxy;
			fileType = wrapper.cfbundle;
			path = MMMarkdownTests.xctest;
			remoteRef = C7E6B62019DF59220056356E /* PBXContainerItemProxy */;
			sourceTree = BUILT_PRODUCTS_DIR;
		};
		C7E6B62319DF59220056356E /* mmmarkdown */ = {
			isa = PBXReferenceProxy;
			fileType = "compiled.mach-o.executable";
			path = mmmarkdown;
			remoteRef = C7E6B62219DF59220056356E /* PBXContainerItemProxy */;
			sourceTree = BUILT_PRODUCTS_DIR;
		};
/* End PBXReferenceProxy section */

/* Begin PBXResourcesBuildPhase section */
		C737D67B19D0DA6D00687EBB /* Resources */ = {
			isa = PBXResourcesBuildPhase;
			buildActionMask = 2147483647;
			files = (
				C7D05A1D19DF850600D46EE2 /* settings.png in Resources */,
				C7D05A1319DF850600D46EE2 /* bar_bg_lt.png in Resources */,
				C737D69919D0DA6D00687EBB /* Images.xcassets in Resources */,
				C7D05A1219DF850600D46EE2 /* bar_bg_dk.png in Resources */,
				C7D05A1719DF850600D46EE2 /* icon_58x50.png in Resources */,
				C7D05A1B19DF850600D46EE2 /* repo_private.png in Resources */,
				C7D05A1619DF850600D46EE2 /* Default@2x.png in Resources */,
				C7D05A1919DF850600D46EE2 /* icon_120x120.png in Resources */,
				C737D68B19D0DA6D00687EBB /* InfoPlist.strings in Resources */,
				C7CBC1B919DE6F39001E3AC4 /* Images-2.xcassets in Resources */,
				C7D05A1819DF850600D46EE2 /* icon_80_80.png in Resources */,
				C7D05A1C19DF850600D46EE2 /* repo_public.png in Resources */,
				C7D05A2A19E0B22700D46EE2 /* logo.png in Resources */,
				C7D05A1519DF850600D46EE2 /* Default-568h@2x.png in Resources */,
				C737D69419D0DA6D00687EBB /* Main.storyboard in Resources */,
				C7D05A1419DF850600D46EE2 /* bar_logo.png in Resources */,
			);
			runOnlyForDeploymentPostprocessing = 0;
		};
		C737D69C19D0DA6D00687EBB /* Resources */ = {
			isa = PBXResourcesBuildPhase;
			buildActionMask = 2147483647;
			files = (
				C737D6AA19D0DA6D00687EBB /* InfoPlist.strings in Resources */,
			);
			runOnlyForDeploymentPostprocessing = 0;
		};
/* End PBXResourcesBuildPhase section */

/* Begin PBXShellScriptBuildPhase section */
		3C57A5E7196A4312AE5B3C79 /* Check Pods Manifest.lock */ = {
			isa = PBXShellScriptBuildPhase;
			buildActionMask = 2147483647;
			files = (
			);
			inputPaths = (
			);
			name = "Check Pods Manifest.lock";
			outputPaths = (
			);
			runOnlyForDeploymentPostprocessing = 0;
			shellPath = /bin/sh;
			shellScript = "diff \"${PODS_ROOT}/../Podfile.lock\" \"${PODS_ROOT}/Manifest.lock\" > /dev/null\nif [[ $? != 0 ]] ; then\n    cat << EOM\nerror: The sandbox is not in sync with the Podfile.lock. Run 'pod install' or update your CocoaPods installation.\nEOM\n    exit 1\nfi\n";
			showEnvVarsInLog = 0;
		};
		78991A1DC12149EBA97B92C7 /* Copy Pods Resources */ = {
			isa = PBXShellScriptBuildPhase;
			buildActionMask = 2147483647;
			files = (
			);
			inputPaths = (
			);
			name = "Copy Pods Resources";
			outputPaths = (
			);
			runOnlyForDeploymentPostprocessing = 0;
			shellPath = /bin/sh;
			shellScript = "\"${SRCROOT}/Pods/Pods-resources.sh\"\n";
			showEnvVarsInLog = 0;
		};
/* End PBXShellScriptBuildPhase section */

/* Begin PBXSourcesBuildPhase section */
		C737D67919D0DA6D00687EBB /* Sources */ = {
			isa = PBXSourcesBuildPhase;
			buildActionMask = 2147483647;
			files = (
				C70C52D619DC6B1D009BABA0 /* WXMWViewComments.m in Sources */,
				C737D71B19D1C72E00687EBB /* WXMWTableViewCell.m in Sources */,
				C737D6C519D0F04A00687EBB /* WXMWLoginScreen.m in Sources */,
				C70C52E219DDB8F1009BABA0 /* WXMWIssueEditorAssignUser.m in Sources */,
				C70C52CD19DB5992009BABA0 /* WXMWNavController.m in Sources */,
				C7642ED119D4F70100CE0C1F /* WXMWIssueTVCell.m in Sources */,
				C70C52C719DB36CD009BABA0 /* Utils.m in Sources */,
				C737D71819D1C53600687EBB /* WXMWTableViewController.m in Sources */,
				C70C52CA19DB3E5F009BABA0 /* Config.m in Sources */,
				C70C52DC19DDAE34009BABA0 /* WXMWAddIssueViewController.m in Sources */,
				C7642ECB19D4F63100CE0C1F /* WXMWIssueTVC.m in Sources */,
				C7F78BDF19D6460A00BACEBE /* WXMWIssueDetailView.m in Sources */,
				C737D68D19D0DA6D00687EBB /* main.m in Sources */,
				C70C52DF19DDB8DD009BABA0 /* WXMWIssueEditorAddLabels.m in Sources */,
				C737D69119D0DA6D00687EBB /* WXMWAppDelegate.m in Sources */,
				C70C52D919DC6B65009BABA0 /* WXMWAddComments.m in Sources */,
			);
			runOnlyForDeploymentPostprocessing = 0;
		};
		C737D69A19D0DA6D00687EBB /* Sources */ = {
			isa = PBXSourcesBuildPhase;
			buildActionMask = 2147483647;
			files = (
				C737D6AC19D0DA6D00687EBB /* ghit_betaTests.m in Sources */,
			);
			runOnlyForDeploymentPostprocessing = 0;
		};
/* End PBXSourcesBuildPhase section */

/* Begin PBXTargetDependency section */
		C737D6A419D0DA6D00687EBB /* PBXTargetDependency */ = {
			isa = PBXTargetDependency;
			target = C737D67C19D0DA6D00687EBB /* ghit-beta */;
			targetProxy = C737D6A319D0DA6D00687EBB /* PBXContainerItemProxy */;
		};
/* End PBXTargetDependency section */

/* Begin PBXVariantGroup section */
		C737D68919D0DA6D00687EBB /* InfoPlist.strings */ = {
			isa = PBXVariantGroup;
			children = (
				C737D68A19D0DA6D00687EBB /* en */,
			);
			name = InfoPlist.strings;
			sourceTree = "<group>";
		};
		C737D69219D0DA6D00687EBB /* Main.storyboard */ = {
			isa = PBXVariantGroup;
			children = (
				C737D69319D0DA6D00687EBB /* Base */,
			);
			name = Main.storyboard;
			sourceTree = "<group>";
		};
		C737D6A819D0DA6D00687EBB /* InfoPlist.strings */ = {
			isa = PBXVariantGroup;
			children = (
				C737D6A919D0DA6D00687EBB /* en */,
			);
			name = InfoPlist.strings;
			sourceTree = "<group>";
		};
/* End PBXVariantGroup section */

/* Begin XCBuildConfiguration section */
		C737D6AD19D0DA6D00687EBB /* Debug */ = {
			isa = XCBuildConfiguration;
			buildSettings = {
				ALWAYS_SEARCH_USER_PATHS = NO;
				CLANG_CXX_LANGUAGE_STANDARD = "gnu++0x";
				CLANG_CXX_LIBRARY = "libc++";
				CLANG_ENABLE_MODULES = YES;
				CLANG_ENABLE_OBJC_ARC = YES;
				CLANG_WARN_BOOL_CONVERSION = YES;
				CLANG_WARN_CONSTANT_CONVERSION = YES;
				CLANG_WARN_DIRECT_OBJC_ISA_USAGE = YES_ERROR;
				CLANG_WARN_EMPTY_BODY = YES;
				CLANG_WARN_ENUM_CONVERSION = YES;
				CLANG_WARN_INT_CONVERSION = YES;
				CLANG_WARN_OBJC_ROOT_CLASS = YES_ERROR;
				CLANG_WARN__DUPLICATE_METHOD_MATCH = YES;
				"CODE_SIGN_IDENTITY[sdk=iphoneos*]" = "iPhone Developer";
				COPY_PHASE_STRIP = NO;
				GCC_C_LANGUAGE_STANDARD = gnu99;
				GCC_DYNAMIC_NO_PIC = NO;
				GCC_OPTIMIZATION_LEVEL = 0;
				GCC_PREPROCESSOR_DEFINITIONS = (
					"DEBUG=1",
					"$(inherited)",
				);
				GCC_SYMBOLS_PRIVATE_EXTERN = NO;
				GCC_WARN_64_TO_32_BIT_CONVERSION = YES;
				GCC_WARN_ABOUT_RETURN_TYPE = YES_ERROR;
				GCC_WARN_UNDECLARED_SELECTOR = YES;
				GCC_WARN_UNINITIALIZED_AUTOS = YES_AGGRESSIVE;
				GCC_WARN_UNUSED_FUNCTION = YES;
				GCC_WARN_UNUSED_VARIABLE = YES;
				IPHONEOS_DEPLOYMENT_TARGET = 7.1;
				ONLY_ACTIVE_ARCH = YES;
				SDKROOT = iphoneos;
			};
			name = Debug;
		};
		C737D6AE19D0DA6D00687EBB /* Release */ = {
			isa = XCBuildConfiguration;
			buildSettings = {
				ALWAYS_SEARCH_USER_PATHS = NO;
				CLANG_CXX_LANGUAGE_STANDARD = "gnu++0x";
				CLANG_CXX_LIBRARY = "libc++";
				CLANG_ENABLE_MODULES = YES;
				CLANG_ENABLE_OBJC_ARC = YES;
				CLANG_WARN_BOOL_CONVERSION = YES;
				CLANG_WARN_CONSTANT_CONVERSION = YES;
				CLANG_WARN_DIRECT_OBJC_ISA_USAGE = YES_ERROR;
				CLANG_WARN_EMPTY_BODY = YES;
				CLANG_WARN_ENUM_CONVERSION = YES;
				CLANG_WARN_INT_CONVERSION = YES;
				CLANG_WARN_OBJC_ROOT_CLASS = YES_ERROR;
				CLANG_WARN__DUPLICATE_METHOD_MATCH = YES;
				"CODE_SIGN_IDENTITY[sdk=iphoneos*]" = "iPhone Developer";
				COPY_PHASE_STRIP = YES;
				ENABLE_NS_ASSERTIONS = NO;
				GCC_C_LANGUAGE_STANDARD = gnu99;
				GCC_WARN_64_TO_32_BIT_CONVERSION = YES;
				GCC_WARN_ABOUT_RETURN_TYPE = YES_ERROR;
				GCC_WARN_UNDECLARED_SELECTOR = YES;
				GCC_WARN_UNINITIALIZED_AUTOS = YES_AGGRESSIVE;
				GCC_WARN_UNUSED_FUNCTION = YES;
				GCC_WARN_UNUSED_VARIABLE = YES;
				IPHONEOS_DEPLOYMENT_TARGET = 7.1;
				SDKROOT = iphoneos;
				VALIDATE_PRODUCT = YES;
			};
			name = Release;
		};
		C737D6B019D0DA6D00687EBB /* Debug */ = {
			isa = XCBuildConfiguration;
			baseConfigurationReference = D52ACDC8D2AA4883BA3DAE1D /* Pods.xcconfig */;
			buildSettings = {
				ASSETCATALOG_COMPILER_APPICON_NAME = AppIcon;
				ASSETCATALOG_COMPILER_LAUNCHIMAGE_NAME = LaunchImage;
				CODE_SIGN_IDENTITY = "iPhone Developer";
				"CODE_SIGN_IDENTITY[sdk=iphoneos*]" = "iPhone Developer";
				GCC_PRECOMPILE_PREFIX_HEADER = YES;
				GCC_PREFIX_HEADER = "ghit-beta/ghit-beta-Prefix.pch";
				HEADER_SEARCH_PATHS = (
					"\"${PODS_ROOT}/Headers\"",
					"\"${PODS_ROOT}/Headers/AFNetworking\"",
					"\"${PODS_ROOT}/Headers/ISO8601DateFormatter\"",
					"\"${PODS_ROOT}/Headers/Mantle\"",
					"\"${PODS_ROOT}/Headers/OctoKit\"",
					"\"${PODS_ROOT}/Headers/ReactiveCocoa\"",
					"\"${PODS_ROOT}/Headers/ReactiveCocoa/ReactiveCocoa\"",
					"$(CONFIGURATION_BUILD_DIR)/MMMarkdown-iOS/public/",
				);
				INFOPLIST_FILE = "ghit-beta/ghit-beta-Info.plist";
				LIBRARY_SEARCH_PATHS = (
					"$(inherited)",
					"$(PROJECT_DIR)/Pods/build/Debug-iphoneos",
				);
				PRODUCT_NAME = "$(TARGET_NAME)";
				PROVISIONING_PROFILE = "";
				WRAPPER_EXTENSION = app;
			};
			name = Debug;
		};
		C737D6B119D0DA6D00687EBB /* Release */ = {
			isa = XCBuildConfiguration;
			baseConfigurationReference = D52ACDC8D2AA4883BA3DAE1D /* Pods.xcconfig */;
			buildSettings = {
				ASSETCATALOG_COMPILER_APPICON_NAME = AppIcon;
				ASSETCATALOG_COMPILER_LAUNCHIMAGE_NAME = LaunchImage;
				CODE_SIGN_IDENTITY = "iPhone Developer";
				"CODE_SIGN_IDENTITY[sdk=iphoneos*]" = "iPhone Developer";
				GCC_PRECOMPILE_PREFIX_HEADER = YES;
				GCC_PREFIX_HEADER = "ghit-beta/ghit-beta-Prefix.pch";
				HEADER_SEARCH_PATHS = (
					"\"${PODS_ROOT}/Headers\"",
					"\"${PODS_ROOT}/Headers/AFNetworking\"",
					"\"${PODS_ROOT}/Headers/ISO8601DateFormatter\"",
					"\"${PODS_ROOT}/Headers/Mantle\"",
					"\"${PODS_ROOT}/Headers/OctoKit\"",
					"\"${PODS_ROOT}/Headers/ReactiveCocoa\"",
					"\"${PODS_ROOT}/Headers/ReactiveCocoa/ReactiveCocoa\"",
					"$(CONFIGURATION_BUILD_DIR)/MMMarkdown-iOS/public/",
				);
				INFOPLIST_FILE = "ghit-beta/ghit-beta-Info.plist";
				LIBRARY_SEARCH_PATHS = (
					"$(inherited)",
					"$(PROJECT_DIR)/Pods/build/Debug-iphoneos",
				);
				PRODUCT_NAME = "$(TARGET_NAME)";
				PROVISIONING_PROFILE = "";
				WRAPPER_EXTENSION = app;
			};
			name = Release;
		};
		C737D6B319D0DA6D00687EBB /* Debug */ = {
			isa = XCBuildConfiguration;
			buildSettings = {
				BUNDLE_LOADER = "$(BUILT_PRODUCTS_DIR)/ghit-beta.app/ghit-beta";
				FRAMEWORK_SEARCH_PATHS = (
					"$(SDKROOT)/Developer/Library/Frameworks",
					"$(inherited)",
					"$(DEVELOPER_FRAMEWORKS_DIR)",
				);
				GCC_PRECOMPILE_PREFIX_HEADER = YES;
				GCC_PREFIX_HEADER = "ghit-beta/ghit-beta-Prefix.pch";
				GCC_PREPROCESSOR_DEFINITIONS = (
					"DEBUG=1",
					"$(inherited)",
				);
				INFOPLIST_FILE = "ghit-betaTests/ghit-betaTests-Info.plist";
				PRODUCT_NAME = "$(TARGET_NAME)";
				TEST_HOST = "$(BUNDLE_LOADER)";
				WRAPPER_EXTENSION = xctest;
			};
			name = Debug;
		};
		C737D6B419D0DA6D00687EBB /* Release */ = {
			isa = XCBuildConfiguration;
			buildSettings = {
				BUNDLE_LOADER = "$(BUILT_PRODUCTS_DIR)/ghit-beta.app/ghit-beta";
				FRAMEWORK_SEARCH_PATHS = (
					"$(SDKROOT)/Developer/Library/Frameworks",
					"$(inherited)",
					"$(DEVELOPER_FRAMEWORKS_DIR)",
				);
				GCC_PRECOMPILE_PREFIX_HEADER = YES;
				GCC_PREFIX_HEADER = "ghit-beta/ghit-beta-Prefix.pch";
				INFOPLIST_FILE = "ghit-betaTests/ghit-betaTests-Info.plist";
				PRODUCT_NAME = "$(TARGET_NAME)";
				TEST_HOST = "$(BUNDLE_LOADER)";
				WRAPPER_EXTENSION = xctest;
			};
			name = Release;
		};
/* End XCBuildConfiguration section */

/* Begin XCConfigurationList section */
		C737D67819D0DA6D00687EBB /* Build configuration list for PBXProject "ghit" */ = {
			isa = XCConfigurationList;
			buildConfigurations = (
				C737D6AD19D0DA6D00687EBB /* Debug */,
				C737D6AE19D0DA6D00687EBB /* Release */,
			);
			defaultConfigurationIsVisible = 0;
			defaultConfigurationName = Release;
		};
		C737D6AF19D0DA6D00687EBB /* Build configuration list for PBXNativeTarget "ghit-beta" */ = {
			isa = XCConfigurationList;
			buildConfigurations = (
				C737D6B019D0DA6D00687EBB /* Debug */,
				C737D6B119D0DA6D00687EBB /* Release */,
			);
			defaultConfigurationIsVisible = 0;
			defaultConfigurationName = Release;
		};
		C737D6B219D0DA6D00687EBB /* Build configuration list for PBXNativeTarget "ghit-betaTests" */ = {
			isa = XCConfigurationList;
			buildConfigurations = (
				C737D6B319D0DA6D00687EBB /* Debug */,
				C737D6B419D0DA6D00687EBB /* Release */,
			);
			defaultConfigurationIsVisible = 0;
			defaultConfigurationName = Release;
		};
/* End XCConfigurationList section */
	};
	rootObject = C737D67519D0DA6D00687EBB /* Project object */;
}
